{
  "name": "documents",
  "version": "0.0.5",
  "lockfileVersion": 3,
  "requires": true,
  "packages": {
    "": {
      "name": "documents",
      "version": "0.0.5",
      "devDependencies": {
        "ui5-task-zipper": "^3.1.7"
      }
    },
    "node_modules/buffer-crc32": {
      "version": "0.2.13",
      "dev": true,
      "license": "MIT",
      "engines": {
        "node": "*"
      }
    },
    "node_modules/ui5-task-zipper": {
      "version": "3.1.7",
      "resolved": "https://registry.npmjs.org/ui5-task-zipper/-/ui5-task-zipper-3.1.7.tgz",
      "integrity": "sha512-adbEIF6IoGeOqDcpNfPY3JF+PQrd0HffsZq2Z/EVKFMFEvK3WJ15nRIphq1KibAXv9E4Et1YA4Y4JGTB51nlxQ==",
      "dev": true,
      "dependencies": {
        "yazl": "^2.5.1"
      }
    },
    "node_modules/yazl": {
      "version": "2.5.1",
      "dev": true,
      "license": "MIT",
      "dependencies": {
        "buffer-crc32": "~0.2.3"
      }
    }
  }
}
