{
  "name": "documents",
  "version": "0.0.1",
  "lockfileVersion": 3,
  "requires": true,
  "packages": {
    "": {
      "name": "documents",
      "version": "0.0.1",
      "devDependencies": {
        "ui5-task-zipper": "^3"
      }
    },
    "../..": {
      "version": "1.0.0",
      "extraneous": true,
      "license": "UNLICENSED",
      "dependencies": {
        "@cap-js/hana": "^1",
        "@sap/cds": "^8.1.0",
        "@sap/xsenv": "^5.2.0",
        "@sap/xssec": "^4",
        "express": "^4.19.2",
        "langchain": "^0.2.12"
      },
      "devDependencies": {
        "@cap-js/cds-types": "^0.6.3",
        "@cap-js/sqlite": "^1.7.3",
        "@sap/cds-dk": "^8",
        "@sap/ux-specification": "^1.120.15"
      }
    },
    "node_modules/buffer-crc32": {
      "version": "0.2.13",
      "dev": true,
      "license": "MIT",
      "engines": {
        "node": "*"
      }
    },
    "node_modules/ui5-task-zipper": {
      "version": "3.1.7",
      "dev": true,
      "license": "Apache-2.0",
      "dependencies": {
        "yazl": "^2.5.1"
      }
    },
    "node_modules/yazl": {
      "version": "2.5.1",
      "dev": true,
      "license": "MIT",
      "dependencies": {
        "buffer-crc32": "~0.2.3"
      }
    }
  }
}
